<?xml version="1.0" encoding="utf-8"?>
<Project ToolsVersion="4.0" xmlns="http://schemas.microsoft.com/developer/msbuild/2003">
  <ItemGroup>
    <Filter Include="Assets">
      <UniqueIdentifier>{97bc83c2-187e-478c-b913-ce7f82d488cd}</UniqueIdentifier>
    </Filter>
    <Filter Include="Assets\Fonts">
      <UniqueIdentifier>{0e1398a4-f357-49da-8c52-4372aa45e292}</UniqueIdentifier>
    </Filter>
    <Filter Include="Assets\SceneData">
      <UniqueIdentifier>{9d386c9f-484e-42ef-bf60-e5ba398993b9}</UniqueIdentifier>
    </Filter>
    <Filter Include="Assets\Textures">
      <UniqueIdentifier>{da324e20-c519-4c32-b37f-9fc0ef33c11e}</UniqueIdentifier>
    </Filter>
    <Filter Include="Config">
      <UniqueIdentifier>{c94971d6-eb3d-42be-b44b-7edf62626981}</UniqueIdentifier>
    </Filter>
    <Filter Include="Core">
      <UniqueIdentifier>{58f8b797-1f5b-4f6e-b4ba-04feb814b2e3}</UniqueIdentifier>
    </Filter>
    <Filter Include="Core\Container">
      <UniqueIdentifier>{5b1a6422-d0f8-4fcb-8a46-f2041dbffe8e}</UniqueIdentifier>
    </Filter>
    <Filter Include="Core\IO">
      <UniqueIdentifier>{55e290bd-3e0d-4bfc-bf80-b268f311b2b7}</UniqueIdentifier>
    </Filter>
    <Filter Include="Core\Math">
      <UniqueIdentifier>{de38688e-7245-4e02-8b8d-f44983e90e95}</UniqueIdentifier>
    </Filter>
    <Filter Include="Core\Object">
      <UniqueIdentifier>{49747419-acac-476e-9108-ea7e8c963a88}</UniqueIdentifier>
    </Filter>
    <Filter Include="Editor">
      <UniqueIdentifier>{28f5a3e5-501b-4edc-8882-24a961fd5ea9}</UniqueIdentifier>
    </Filter>
    <Filter Include="Engine">
      <UniqueIdentifier>{16b29e2a-efb8-4a35-8d0c-d0148edf58ff}</UniqueIdentifier>
    </Filter>
    <Filter Include="Engine\Components">
      <UniqueIdentifier>{d8aa68d8-b253-4b91-a0d9-e1af124b50cf}</UniqueIdentifier>
    </Filter>
    <Filter Include="Engine\Serialization">
      <UniqueIdentifier>{bba8a96e-7f99-4899-b3f0-a108cc21e890}</UniqueIdentifier>
    </Filter>
    <Filter Include="Platform">
      <UniqueIdentifier>{5df0d748-8ffd-465c-aab0-90fe15a131df}</UniqueIdentifier>
    </Filter>
    <Filter Include="Rendering">
      <UniqueIdentifier>{a50d1fcf-90eb-4cf8-b72f-5d8ee12123d4}</UniqueIdentifier>
    </Filter>
    <Filter Include="Rendering\Primitives">
      <UniqueIdentifier>{c6df984d-8811-4498-a024-314cad859174}</UniqueIdentifier>
    </Filter>
    <Filter Include="ThirdParty">
      <UniqueIdentifier>{586c14dd-7454-4b36-a63c-34e7b036840a}</UniqueIdentifier>
    </Filter>
    <Filter Include="ThirdParty\DirectX">
      <UniqueIdentifier>{2844a04d-6102-4fb6-84b3-f41bb6bc87c9}</UniqueIdentifier>
    </Filter>
    <Filter Include="ThirdParty\ImGui">
      <UniqueIdentifier>{b1a84966-206a-47f2-a24a-648b754dda84}</UniqueIdentifier>
    </Filter>
    <Filter Include="ThirdParty\Json">
      <UniqueIdentifier>{e6bace47-8c22-4a4d-a182-dc0c86798b49}</UniqueIdentifier>
    </Filter>
    <Filter Include="Shaders">
      <UniqueIdentifier>{d190abc0-61b2-4ac2-be33-79eb829d1a8a}</UniqueIdentifier>
    </Filter>
  </ItemGroup>
  <ItemGroup>
    <ClCompile Include="Core\Core.cpp">
      <Filter>Core</Filter>
    </ClCompile>
    <ClCompile Include="Core\IO\FileManager.cpp">
      <Filter>Core\IO</Filter>
    </ClCompile>
    <ClCompile Include="Core\IO\JsonUtil.cpp">
      <Filter>Core\IO</Filter>
    </ClCompile>
    <ClCompile Include="Core\Math\MathUtility.cpp">
      <Filter>Core\Math</Filter>
    </ClCompile>
    <ClCompile Include="Core\Math\Matrix.cpp">
      <Filter>Core\Math</Filter>
    </ClCompile>
    <ClCompile Include="Core\Math\Quat.cpp">
      <Filter>Core\Math</Filter>
    </ClCompile>
    <ClCompile Include="Core\Math\Vector.cpp">
      <Filter>Core\Math</Filter>
    </ClCompile>
    <ClCompile Include="Core\Name.cpp">
      <Filter>Core</Filter>
    </ClCompile>
    <ClCompile Include="Core\Object\Object.cpp">
      <Filter>Core\Object</Filter>
    </ClCompile>
    <ClCompile Include="Core\Object\ObjectFactory.cpp">
      <Filter>Core\Object</Filter>
    </ClCompile>
    <ClCompile Include="Editor\Console.cpp">
      <Filter>Editor</Filter>
    </ClCompile>
    <ClCompile Include="Editor\FEditorViewportClient.cpp">
      <Filter>Editor</Filter>
    </ClCompile>
    <ClCompile Include="Editor\Gizmo.cpp">
      <Filter>Editor</Filter>
    </ClCompile>
    <ClCompile Include="Engine\Actor.cpp">
      <Filter>Engine</Filter>
    </ClCompile>
    <ClCompile Include="Engine\Components\ActorComponent.cpp">
      <Filter>Engine\Components</Filter>
    </ClCompile>
    <ClCompile Include="Engine\Components\BillboardComponent.cpp">
      <Filter>Engine\Components</Filter>
    </ClCompile>
    <ClCompile Include="Engine\Components\CubeComponent.cpp">
      <Filter>Engine\Components</Filter>
    </ClCompile>
    <ClCompile Include="Engine\Components\NameComponent.cpp">
      <Filter>Engine\Components</Filter>
    </ClCompile>
    <ClCompile Include="Engine\Components\PrimitiveComponent.cpp">
      <Filter>Engine\Components</Filter>
    </ClCompile>
    <ClCompile Include="Engine\Components\SceneComponent.cpp">
      <Filter>Engine\Components</Filter>
    </ClCompile>
    <ClCompile Include="Engine\Components\SphereComponent.cpp">
      <Filter>Engine\Components</Filter>
    </ClCompile>
    <ClCompile Include="Engine\EngineStatics.cpp">
      <Filter>Engine</Filter>
    </ClCompile>
    <ClCompile Include="Engine\Serialization\SceneData.cpp">
      <Filter>Engine\Serialization</Filter>
    </ClCompile>
    <ClCompile Include="Engine\World.cpp">
      <Filter>Engine</Filter>
    </ClCompile>
    <ClCompile Include="Rendering\Camera.cpp">
      <Filter>Rendering</Filter>
    </ClCompile>
    <ClCompile Include="Rendering\GraphicsManager.cpp">
      <Filter>Rendering</Filter>
    </ClCompile>
    <ClCompile Include="Rendering\Renderer.cpp">
      <Filter>Rendering</Filter>
    </ClCompile>
    <ClCompile Include="Rendering\RenderInfo.cpp">
      <Filter>Rendering</Filter>
    </ClCompile>
    <ClCompile Include="ThirdParty\DirectX\WICTextureLoader.cpp">
      <Filter>ThirdParty\DirectX</Filter>
    </ClCompile>
    <ClCompile Include="ThirdParty\ImGui\imgui_demo.cpp">
      <Filter>ThirdParty\ImGui</Filter>
    </ClCompile>
    <ClCompile Include="ThirdParty\ImGui\imgui_draw.cpp">
      <Filter>ThirdParty\ImGui</Filter>
    </ClCompile>
    <ClCompile Include="ThirdParty\ImGui\imgui_impl_dx11.cpp">
      <Filter>ThirdParty\ImGui</Filter>
    </ClCompile>
    <ClCompile Include="ThirdParty\ImGui\imgui_impl_win32.cpp">
      <Filter>ThirdParty\ImGui</Filter>
    </ClCompile>
    <ClCompile Include="ThirdParty\ImGui\imgui_tables.cpp">
      <Filter>ThirdParty\ImGui</Filter>
    </ClCompile>
    <ClCompile Include="ThirdParty\ImGui\imgui_widgets.cpp">
      <Filter>ThirdParty\ImGui</Filter>
    </ClCompile>
    <ClCompile Include="ThirdParty\ImGui\imgui.cpp">
      <Filter>ThirdParty\ImGui</Filter>
    </ClCompile>
    <ClCompile Include="Engine\SceneManager.cpp">
      <Filter>Engine</Filter>
    </ClCompile>
    <ClCompile Include="Editor\EditorUIManager.cpp">
      <Filter>Editor</Filter>
    </ClCompile>
    <ClCompile Include="Rendering\TextMesh.cpp">
      <Filter>Rendering</Filter>
    </ClCompile>
    <ClCompile Include="Rendering\FontResource.cpp">
      <Filter>Rendering</Filter>
    </ClCompile>
    <ClCompile Include="Rendering\SubUVMesh.cpp">
      <Filter>Rendering</Filter>
    </ClCompile>
    <ClCompile Include="Engine\Components\ParticleSubUVComponent.cpp">
      <Filter>Engine\Components</Filter>
    </ClCompile>
  </ItemGroup>
  <ItemGroup>
    <ClInclude Include="Core\Container\TArray.h">
      <Filter>Core\Container</Filter>
    </ClInclude>
    <ClInclude Include="Core\Container\TMap.h">
      <Filter>Core\Container</Filter>
    </ClInclude>
    <ClInclude Include="Core\Container\TQueue.h">
      <Filter>Core\Container</Filter>
    </ClInclude>
    <ClInclude Include="Core\Container\TSet.h">
      <Filter>Core\Container</Filter>
    </ClInclude>
    <ClInclude Include="Core\Container\TSparseArray.h">
      <Filter>Core\Container</Filter>
    </ClInclude>
    <ClInclude Include="Core\Container\TSparseArray.inl">
      <Filter>Core\Container</Filter>
    </ClInclude>
    <ClInclude Include="Core\Core.h">
      <Filter>Core</Filter>
    </ClInclude>
    <ClInclude Include="Core\enum.h">
      <Filter>Core</Filter>
    </ClInclude>
    <ClInclude Include="Core\FrameTimer.h">
      <Filter>Core</Filter>
    </ClInclude>
    <ClInclude Include="Core\IO\FileManager.h">
      <Filter>Core\IO</Filter>
    </ClInclude>
    <ClInclude Include="Core\IO\JsonUtil.h">
      <Filter>Core\IO</Filter>
    </ClInclude>
    <ClInclude Include="Core\Math\FBoundingBox.h">
      <Filter>Core\Math</Filter>
    </ClInclude>
    <ClInclude Include="Core\Math\MathUtility.h">
      <Filter>Core\Math</Filter>
    </ClInclude>
    <ClInclude Include="Core\Math\Matrix.h">
      <Filter>Core\Math</Filter>
    </ClInclude>
    <ClInclude Include="Core\Math\Projection.h">
      <Filter>Core\Math</Filter>
    </ClInclude>
    <ClInclude Include="Core\Math\Quat.h">
      <Filter>Core\Math</Filter>
    </ClInclude>
    <ClInclude Include="Core\Math\RayCast.h">
      <Filter>Core\Math</Filter>
    </ClInclude>
    <ClInclude Include="Core\Math\Rotator.h">
      <Filter>Core\Math</Filter>
    </ClInclude>
    <ClInclude Include="Core\Math\Transform.h">
      <Filter>Core\Math</Filter>
    </ClInclude>
    <ClInclude Include="Core\Math\Vector.h">
      <Filter>Core\Math</Filter>
    </ClInclude>
    <ClInclude Include="Core\Name.h">
      <Filter>Core</Filter>
    </ClInclude>
    <ClInclude Include="Core\Object\ObejctID.h">
      <Filter>Core\Object</Filter>
    </ClInclude>
    <ClInclude Include="Core\Object\Object.h">
      <Filter>Core\Object</Filter>
    </ClInclude>
    <ClInclude Include="Core\Object\ObjectFactory.h">
      <Filter>Core\Object</Filter>
    </ClInclude>
    <ClInclude Include="Editor\Console.h">
      <Filter>Editor</Filter>
    </ClInclude>
    <ClInclude Include="Editor\EditorSetting.h">
      <Filter>Editor</Filter>
    </ClInclude>
    <ClInclude Include="Editor\FEditorViewportClient.h">
      <Filter>Editor</Filter>
    </ClInclude>
    <ClInclude Include="Editor\Gizmo.h">
      <Filter>Editor</Filter>
    </ClInclude>
    <ClInclude Include="Engine\Actor.h">
      <Filter>Engine</Filter>
    </ClInclude>
    <ClInclude Include="Engine\Components\ActorComponent.h">
      <Filter>Engine\Components</Filter>
    </ClInclude>
    <ClInclude Include="Engine\Components\BillboardComponent.h">
      <Filter>Engine\Components</Filter>
    </ClInclude>
    <ClInclude Include="Engine\Components\CubeComponent.h">
      <Filter>Engine\Components</Filter>
    </ClInclude>
    <ClInclude Include="Engine\Components\NameComponent.h">
      <Filter>Engine\Components</Filter>
    </ClInclude>
    <ClInclude Include="Engine\Components\PrimitiveComponent.h">
      <Filter>Engine\Components</Filter>
    </ClInclude>
    <ClInclude Include="Engine\Components\SceneComponent.h">
      <Filter>Engine\Components</Filter>
    </ClInclude>
    <ClInclude Include="Engine\Components\SphereComponent.h">
      <Filter>Engine\Components</Filter>
    </ClInclude>
    <ClInclude Include="Engine\EngineStatics.h">
      <Filter>Engine</Filter>
    </ClInclude>
    <ClInclude Include="Engine\Serialization\SceneData.h">
      <Filter>Engine\Serialization</Filter>
    </ClInclude>
    <ClInclude Include="Engine\World.h">
      <Filter>Engine</Filter>
    </ClInclude>
    <ClInclude Include="Platform\InputState.h">
      <Filter>Platform</Filter>
    </ClInclude>
    <ClInclude Include="Platform\WindowApplication.h">
      <Filter>Platform</Filter>
    </ClInclude>
    <ClInclude Include="Rendering\Camera.h">
      <Filter>Rendering</Filter>
    </ClInclude>
    <ClInclude Include="Rendering\GraphicsManager.h">
      <Filter>Rendering</Filter>
    </ClInclude>
    <ClInclude Include="Rendering\Primitives\Circle.h">
      <Filter>Rendering\Primitives</Filter>
    </ClInclude>
    <ClInclude Include="Rendering\Primitives\Cube.h">
      <Filter>Rendering\Primitives</Filter>
    </ClInclude>
    <ClInclude Include="Rendering\Primitives\GizmoArrow.h">
      <Filter>Rendering\Primitives</Filter>
    </ClInclude>
    <ClInclude Include="Rendering\Primitives\Primitive.h">
      <Filter>Rendering\Primitives</Filter>
    </ClInclude>
    <ClInclude Include="Rendering\Primitives\Primitives.h">
      <Filter>Rendering\Primitives</Filter>
    </ClInclude>
    <ClInclude Include="Rendering\Primitives\Sphere.h">
      <Filter>Rendering\Primitives</Filter>
    </ClInclude>
    <ClInclude Include="Rendering\Primitives\TexturedPrimitives.h">
      <Filter>Rendering\Primitives</Filter>
    </ClInclude>
    <ClInclude Include="Rendering\Primitives\Triangle.h">
      <Filter>Rendering\Primitives</Filter>
    </ClInclude>
    <ClInclude Include="Rendering\Renderer.h">
      <Filter>Rendering</Filter>
    </ClInclude>
    <ClInclude Include="Rendering\RenderInfo.h">
      <Filter>Rendering</Filter>
    </ClInclude>
    <ClInclude Include="Test11.h" />
    <ClInclude Include="ThirdParty\DirectX\WICTextureLoader.h">
      <Filter>ThirdParty\DirectX</Filter>
    </ClInclude>
    <ClInclude Include="ThirdParty\ImGui\imconfig.h">
      <Filter>ThirdParty\ImGui</Filter>
    </ClInclude>
    <ClInclude Include="ThirdParty\ImGui\imgui_impl_dx11.h">
      <Filter>ThirdParty\ImGui</Filter>
    </ClInclude>
    <ClInclude Include="ThirdParty\ImGui\imgui_impl_win32.h">
      <Filter>ThirdParty\ImGui</Filter>
    </ClInclude>
    <ClInclude Include="ThirdParty\ImGui\imgui_internal.h">
      <Filter>ThirdParty\ImGui</Filter>
    </ClInclude>
    <ClInclude Include="ThirdParty\ImGui\imgui.h">
      <Filter>ThirdParty\ImGui</Filter>
    </ClInclude>
    <ClInclude Include="ThirdParty\ImGui\imstb_rectpack.h">
      <Filter>ThirdParty\ImGui</Filter>
    </ClInclude>
    <ClInclude Include="ThirdParty\ImGui\imstb_textedit.h">
      <Filter>ThirdParty\ImGui</Filter>
    </ClInclude>
    <ClInclude Include="ThirdParty\ImGui\imstb_truetype.h">
      <Filter>ThirdParty\ImGui</Filter>
    </ClInclude>
    <ClInclude Include="ThirdParty\Json\json.hpp">
      <Filter>ThirdParty\Json</Filter>
    </ClInclude>
    <ClInclude Include="Engine\SceneManager.h">
      <Filter>Engine</Filter>
    </ClInclude>
    <ClInclude Include="Editor\EditorUIManager.h">
      <Filter>Editor</Filter>
    </ClInclude>
    <ClInclude Include="Rendering\TextMesh.h">
      <Filter>Rendering</Filter>
    </ClInclude>
    <ClInclude Include="Rendering\VertexType.h">
      <Filter>Rendering</Filter>
    </ClInclude>
    <ClInclude Include="Rendering\FontResource.h">
      <Filter>Rendering</Filter>
    </ClInclude>
    <ClInclude Include="Editor\EditorCommands.h">
      <Filter>Editor</Filter>
    </ClInclude>
    <ClInclude Include="Rendering\SubUVMesh.h">
      <Filter>Rendering</Filter>
    </ClInclude>
    <ClInclude Include="Engine\Components\ParticleSubUVComponent.h">
      <Filter>Engine\Components</Filter>
    </ClInclude>
    <ClInclude Include="Core\Math\Color.h">
      <Filter>Core\Math</Filter>
    </ClInclude>
  </ItemGroup>
  <ItemGroup>
    <FxCompile Include="Shaders\ShaderFont.hlsl">
      <Filter>Shaders</Filter>
    </FxCompile>
    <FxCompile Include="Shaders\ShaderLine.hlsl">
      <Filter>Shaders</Filter>
    </FxCompile>
    <FxCompile Include="Shaders\ShaderTexture.hlsl">
      <Filter>Shaders</Filter>
    </FxCompile>
    <FxCompile Include="Shaders\ShaderW0.hlsl">
      <Filter>Shaders</Filter>
    </FxCompile>
    <FxCompile Include="Shaders\ShaderLoadingScreen.hlsl">
      <Filter>Shaders</Filter>
    </FxCompile>
    <FxCompile Include="Shaders\ShaderFontMSDF.hlsl">
      <Filter>Shaders</Filter>
    </FxCompile>
    <FxCompile Include="Shaders\ShaderParticle.hlsl">
      <Filter>Shaders</Filter>
    </FxCompile>
  </ItemGroup>
  <ItemGroup>
    <Image Include="Assets\Fonts\EnglishBigFontAtlas.dds">
      <Filter>Assets\Fonts</Filter>
    </Image>
    <Image Include="Assets\Fonts\EnglishFont.png">
      <Filter>Assets\Fonts</Filter>
    </Image>
    <Image Include="Assets\Fonts\EnglishFontAtlas.dds">
      <Filter>Assets\Fonts</Filter>
    </Image>
    <Image Include="Assets\Fonts\FontEnglish.dds">
      <Filter>Assets\Fonts</Filter>
    </Image>
    <Image Include="Assets\Textures\CubeTextureSample.dds">
      <Filter>Assets\Textures</Filter>
    </Image>
    <Image Include="Assets\Textures\Dice.dds">
      <Filter>Assets\Textures</Filter>
    </Image>
    <Image Include="Assets\Textures\EarthTexture.dds">
      <Filter>Assets\Textures</Filter>
    </Image>
    <Image Include="Assets\Textures\Explosion.dds">
      <Filter>Assets\Textures</Filter>
    </Image>
    <Image Include="Assets\Textures\LoadingScreen.dds">
      <Filter>Assets\Textures</Filter>
    </Image>
    <Image Include="Assets\Textures\Explosion_Alpha.dds">
      <Filter>Assets\Textures</Filter>
    </Image>
  </ItemGroup>
  <ItemGroup>
    <None Include="Assets\SceneData\Default.Scene">
      <Filter>Assets\SceneData</Filter>
    </None>
    <None Include="Assets\SceneData\test1.Scene">
      <Filter>Assets\SceneData</Filter>
    </None>
    <None Include="Assets\SceneData\TestScene.Scene">
      <Filter>Assets\SceneData</Filter>
    </None>
    <None Include="Config\editor.ini">
      <Filter>Config</Filter>
    </None>
    <None Include="Config\imgui.ini">
      <Filter>Config</Filter>
    </None>
    <None Include="Core\Object\Object.inl">
      <Filter>Core\Object</Filter>
    </None>
    <None Include="Core\Object\ObjectFactory.inl">
      <Filter>Core\Object</Filter>
    </None>
  </ItemGroup>
  <ItemGroup>
    <Font Include="Assets\Fonts\consola.ttf">
      <Filter>Assets\Fonts</Filter>
    </Font>
    <Font Include="Assets\Fonts\consolab.ttf">
      <Filter>Assets\Fonts</Filter>
    </Font>
    <Font Include="Assets\Fonts\consolai.ttf">
      <Filter>Assets\Fonts</Filter>
    </Font>
    <Font Include="Assets\Fonts\consolaz.ttf">
      <Filter>Assets\Fonts</Filter>
    </Font>
    <Font Include="Assets\Fonts\malgun.ttf">
      <Filter>Assets\Fonts</Filter>
    </Font>
    <Font Include="Assets\Fonts\malgunbd.ttf">
      <Filter>Assets\Fonts</Filter>
    </Font>
    <Font Include="Assets\Fonts\malgunsl.ttf">
      <Filter>Assets\Fonts</Filter>
    </Font>
  </ItemGroup>
</Project>