
Microsoft Visual Studio Solution File, Format Version 12.00
# Visual Studio Version 18
VisualStudioVersion = 18.10.12120.281 insiders
MinimumVisualStudioVersion = 10.0.40219.1
Project("{8BC9CEB8-8B4A-11D0-8D11-00A0C91BC942}") = "Week2", "Week2\Week2.vcxproj", "{48A29156-BBFA-4845-B70E-39F798F0CCAA}"
EndProject
Project("{8BC9CEB8-8B4A-11D0-8D11-00A0C91BC942}") = "UnitTest", "Test\UnitTest\UnitTest.vcxproj", "{C4541ED1-8C1E-40DA-B727-D47093498363}"
EndProject
Global
	GlobalSection(SolutionConfigurationPlatforms) = preSolution
		Debug|x64 = Debug|x64
		Debug|x86 = Debug|x86
		Release|x64 = Release|x64
		Release|x86 = Release|x86
	EndGlobalSection
	GlobalSection(ProjectConfigurationPlatforms) = postSolution
		{48A29156-BBFA-4845-B70E-39F798F0CCAA}.Debug|x64.ActiveCfg = Debug|x64
		{48A29156-BBFA-4845-B70E-39F798F0CCAA}.Debug|x64.Build.0 = Debug|x64
		{48A29156-BBFA-4845-B70E-39F798F0CCAA}.Debug|x86.ActiveCfg = Debug|Win32
		{48A29156-BBFA-4845-B70E-39F798F0CCAA}.Debug|x86.Build.0 = Debug|Win32
		{48A29156-BBFA-4845-B70E-39F798F0CCAA}.Release|x64.ActiveCfg = Release|x64
		{48A29156-BBFA-4845-B70E-39F798F0CCAA}.Release|x64.Build.0 = Release|x64
		{48A29156-BBFA-4845-B70E-39F798F0CCAA}.Release|x86.ActiveCfg = Release|Win32
		{48A29156-BBFA-4845-B70E-39F798F0CCAA}.Release|x86.Build.0 = Release|Win32
		{C4541ED1-8C1E-40DA-B727-D47093498363}.Debug|x64.ActiveCfg = Debug|x64
		{C4541ED1-8C1E-40DA-B727-D47093498363}.Debug|x64.Build.0 = Debug|x64
		{C4541ED1-8C1E-40DA-B727-D47093498363}.Debug|x86.ActiveCfg = Debug|Win32
		{C4541ED1-8C1E-40DA-B727-D47093498363}.Debug|x86.Build.0 = Debug|Win32
		{C4541ED1-8C1E-40DA-B727-D47093498363}.Release|x64.ActiveCfg = Release|x64
		{C4541ED1-8C1E-40DA-B727-D47093498363}.Release|x64.Build.0 = Release|x64
		{C4541ED1-8C1E-40DA-B727-D47093498363}.Release|x86.ActiveCfg = Release|Win32
		{C4541ED1-8C1E-40DA-B727-D47093498363}.Release|x86.Build.0 = Release|Win32
	EndGlobalSection
	GlobalSection(SolutionProperties) = preSolution
		HideSolutionNode = FALSE
	EndGlobalSection
	GlobalSection(ExtensibilityGlobals) = postSolution
		SolutionGuid = {08174B08-53A6-4F08-A876-2D80B7CB3CBF}
	EndGlobalSection
EndGlobal
