<?xml version="1.0" encoding="utf-8"?>
<Project ToolsVersion="4.0" xmlns="http://schemas.microsoft.com/developer/msbuild/2003">
  <ItemGroup>
    <FxCompile Include="ShaderFont.hlsl" />
    <FxCompile Include="ShaderTexture.hlsl" />
    <FxCompile Include="ShaderLine.hlsl" />
    <FxCompile Include="ShaderW0.hlsl" />
  </ItemGroup>
  <ItemGroup>
    <ClCompile Include="Actor.cpp" />
    <ClCompile Include="Console.cpp" />
    <ClCompile Include="Core.cpp" />
    <ClCompile Include="EngineStatics.cpp" />
    <ClCompile Include="FileManager.cpp" />
    <ClCompile Include="FName.cpp" />
    <ClCompile Include="Gizmo.cpp" />
    <ClCompile Include="JsonUtil.cpp" />
    <ClCompile Include="ObjectFactory.cpp" />
    <ClCompile Include="FEditorViewportClient.cpp" />
    <ClCompile Include="GraphicsManager.cpp" />
    <ClCompile Include="ImGui\imgui.cpp" />
    <ClCompile Include="ImGui\imgui_demo.cpp" />
    <ClCompile Include="ImGui\imgui_draw.cpp" />
    <ClCompile Include="ImGui\imgui_impl_dx11.cpp" />
    <ClCompile Include="ImGui\imgui_impl_win32.cpp" />
    <ClCompile Include="ImGui\imgui_tables.cpp" />
    <ClCompile Include="ImGui\imgui_widgets.cpp" />
    <ClCompile Include="LaunchEngineLoop.cpp" />
    <ClCompile Include="main.cpp" />
    <ClCompile Include="Object.cpp" />
    <ClCompile Include="ActorComponent.cpp" />
    <ClCompile Include="PrimitiveComponent.cpp" />
    <ClCompile Include="Quat.cpp" />
    <ClCompile Include="SceneComponent.cpp" />
    <ClCompile Include="CubeComponent.cpp" />
    <ClCompile Include="SceneData.cpp" />
    <ClCompile Include="SceneManager.cpp" />
    <ClCompile Include="SphereComponent.cpp" />
    <ClCompile Include="WICTextureLoader.cpp" />
    <ClCompile Include="Vector.cpp" />
    <ClCompile Include="World.cpp" />
    <ClCompile Include="MathUtility.cpp" />
    <ClCompile Include="Renderer.cpp" />
  </ItemGroup>
  <ItemGroup>
    <ClInclude Include="Circle.h" />
    <ClInclude Include="FBoundingBox.h" />
    <ClInclude Include="FName.h" />
    <ClInclude Include="GizmoArrow.h" />
    <ClInclude Include="Primitives.h" />
    <ClInclude Include="Quat.h" />
    <ClInclude Include="Triangle.h" />
    <ClInclude Include="TSparseArray.inl" />
    <ClInclude Include="Actor.h" />
    <ClInclude Include="Camera.h" />
    <ClInclude Include="Core.h" />
    <ClInclude Include="Cube.h" />
    <ClInclude Include="FEditorViewportClient.h" />
    <ClInclude Include="Gizmo.h" />
    <ClInclude Include="FileManager.h" />
    <ClInclude Include="JsonUtil.h" />
    <ClInclude Include="ObjectFactory.h" />
    <ClInclude Include="SceneManager.h" />
    <ClInclude Include="InputState.h" />
    <ClInclude Include="Json\json.hpp" />
    <ClInclude Include="SceneData.h" />
    <ClInclude Include="LaunchEngineLoop.h" />
    <ClInclude Include="MathUtility.h" />
    <ClInclude Include="Matrix.h" />
    <ClInclude Include="Console.h" />
    <ClInclude Include="EngineStatics.h" />
    <ClInclude Include="Enum.h" />
    <ClInclude Include="FrameTimer.h" />
    <ClInclude Include="GraphicsManager.h" />
    <ClInclude Include="ImGui\imconfig.h" />
    <ClInclude Include="ImGui\imgui.h" />
    <ClInclude Include="ImGui\imgui_impl_dx11.h" />
    <ClInclude Include="ImGui\imgui_impl_win32.h" />
    <ClInclude Include="ImGui\imgui_internal.h" />
    <ClInclude Include="ImGui\imstb_rectpack.h" />
    <ClInclude Include="ImGui\imstb_textedit.h" />
    <ClInclude Include="ImGui\imstb_truetype.h" />
    <ClInclude Include="Object.h" />
    <ClInclude Include="PrimitiveComponent.h" />
    <ClInclude Include="RenderInfo.h" />
    <ClInclude Include="SceneComponent.h" />
    <ClInclude Include="Sphere.h" />
    <ClInclude Include="SphereComponent.h" />
    <ClInclude Include="TArray.h" />
    <ClInclude Include="TMap.h" />
    <ClInclude Include="TQueue.h" />
    <ClInclude Include="TSet.h" />
    <ClInclude Include="ActorComponent.h" />
    <ClInclude Include="CubeComponent.h" />
    <ClInclude Include="TSparseArray.h" />
    <ClInclude Include="UBillboardCompoent.h" />
    <ClInclude Include="Vector.h" />
    <ClInclude Include="WICTextureLoader.h" />
    <ClInclude Include="World.h" />
    <ClInclude Include="Transform.h" />
    <ClInclude Include="Renderer.h" />
    <ClInclude Include="WindowApplication.h" />
    <ClInclude Include="NameComponent.h" />
  </ItemGroup>
  <ItemGroup>
    <Image Include="FontEnglish.dds" />
  </ItemGroup>
  <ItemGroup>
    <None Include="Object.inl" />
    <None Include="ObjectFactory.inl" />
  </ItemGroup>
</Project>